
Microsoft Visual Studio Solution File, Format Version 12.00
Project("{2150E333-8FDC-42A3-9474-1A3956D46DE8}") = "Solution Items", "Solution Items", "{5F3686A5-95F0-428F-8E6C-633438B5D801}"
	ProjectSection(SolutionItems) = preProject
		.dockerignore = .dockerignore
		.gitignore = .gitignore
		docker-compose.yml = docker-compose.yml
		Dockerfile = Dockerfile
		global.json = global.json
		README.md = README.md
	EndProjectSection
EndProject
Project("{FAE04EC0-301F-11D3-BF4B-00C04F79EFBC}") = "eShopSolution.Data", "eShopSolution.Data\eShopSolution.Data.csproj", "{CE409C88-B1A6-44E3-B5E6-B66EA34C6FA7}"
EndProject
Project("{FAE04EC0-301F-11D3-BF4B-00C04F79EFBC}") = "eShopSolution.Application", "eShopSolution.Application\eShopSolution.Application.csproj", "{A036E34E-F2F5-4D86-A2B0-AE369DFD1670}"
EndProject
Project("{FAE04EC0-301F-11D3-BF4B-00C04F79EFBC}") = "eShopSolution.WebApp", "eShopSolution.WebApp\eShopSolution.WebApp.csproj", "{750D05E7-8E21-48C9-9AEE-364088DFC642}"
EndProject
Global
	GlobalSection(SolutionConfigurationPlatforms) = preSolution
		Debug|Any CPU = Debug|Any CPU
		Release|Any CPU = Release|Any CPU
	EndGlobalSection
	GlobalSection(ProjectConfigurationPlatforms) = postSolution
		{CE409C88-B1A6-44E3-B5E6-B66EA34C6FA7}.Debug|Any CPU.ActiveCfg = Debug|Any CPU
		{CE409C88-B1A6-44E3-B5E6-B66EA34C6FA7}.Debug|Any CPU.Build.0 = Debug|Any CPU
		{CE409C88-B1A6-44E3-B5E6-B66EA34C6FA7}.Release|Any CPU.ActiveCfg = Release|Any CPU
		{CE409C88-B1A6-44E3-B5E6-B66EA34C6FA7}.Release|Any CPU.Build.0 = Release|Any CPU
		{A036E34E-F2F5-4D86-A2B0-AE369DFD1670}.Debug|Any CPU.ActiveCfg = Debug|Any CPU
		{A036E34E-F2F5-4D86-A2B0-AE369DFD1670}.Debug|Any CPU.Build.0 = Debug|Any CPU
		{A036E34E-F2F5-4D86-A2B0-AE369DFD1670}.Release|Any CPU.ActiveCfg = Release|Any CPU
		{A036E34E-F2F5-4D86-A2B0-AE369DFD1670}.Release|Any CPU.Build.0 = Release|Any CPU
		{750D05E7-8E21-48C9-9AEE-364088DFC642}.Debug|Any CPU.ActiveCfg = Debug|Any CPU
		{750D05E7-8E21-48C9-9AEE-364088DFC642}.Debug|Any CPU.Build.0 = Debug|Any CPU
		{750D05E7-8E21-48C9-9AEE-364088DFC642}.Release|Any CPU.ActiveCfg = Release|Any CPU
		{750D05E7-8E21-48C9-9AEE-364088DFC642}.Release|Any CPU.Build.0 = Release|Any CPU
	EndGlobalSection
EndGlobal
